
Microsoft Visual Studio Solution File, Format Version 12.00
# Visual Studio Version 17
VisualStudioVersion = 17.4.33205.214
MinimumVisualStudioVersion = 10.0.40219.1
Project("{FAE04EC0-301F-11D3-BF4B-00C04F79EFBC}") = "ArrayReverse", "ArratReverse\ArrayReverse.csproj", "{18DD3806-789F-41EA-AE6D-A95201D05D36}"
EndProject
Project("{FAE04EC0-301F-11D3-BF4B-00C04F79EFBC}") = "ArraySortSwap", "ArraySortSwap\ArraySortSwap.csproj", "{DF3AEEB5-B4FD-42E5-B2F8-9FDFC2A4A45C}"
EndProject
Global
	GlobalSection(SolutionConfigurationPlatforms) = preSolution
		Debug|Any CPU = Debug|Any CPU
		Release|Any CPU = Release|Any CPU
	EndGlobalSection
	GlobalSection(ProjectConfigurationPlatforms) = postSolution
		{18DD3806-789F-41EA-AE6D-A95201D05D36}.Debug|Any CPU.ActiveCfg = Debug|Any CPU
		{18DD3806-789F-41EA-AE6D-A95201D05D36}.Debug|Any CPU.Build.0 = Debug|Any CPU
		{18DD3806-789F-41EA-AE6D-A95201D05D36}.Release|Any CPU.ActiveCfg = Release|Any CPU
		{18DD3806-789F-41EA-AE6D-A95201D05D36}.Release|Any CPU.Build.0 = Release|Any CPU
		{DF3AEEB5-B4FD-42E5-B2F8-9FDFC2A4A45C}.Debug|Any CPU.ActiveCfg = Debug|Any CPU
		{DF3AEEB5-B4FD-42E5-B2F8-9FDFC2A4A45C}.Debug|Any CPU.Build.0 = Debug|Any CPU
		{DF3AEEB5-B4FD-42E5-B2F8-9FDFC2A4A45C}.Release|Any CPU.ActiveCfg = Release|Any CPU
		{DF3AEEB5-B4FD-42E5-B2F8-9FDFC2A4A45C}.Release|Any CPU.Build.0 = Release|Any CPU
	EndGlobalSection
	GlobalSection(SolutionProperties) = preSolution
		HideSolutionNode = FALSE
	EndGlobalSection
	GlobalSection(ExtensibilityGlobals) = postSolution
		SolutionGuid = {EC720851-3768-494E-8F1B-4113A214B645}
	EndGlobalSection
EndGlobal
